
Microsoft Visual Studio Solution File, Format Version 12.00
# Visual Studio Version 16
VisualStudioVersion = 16.0.30804.86
MinimumVisualStudioVersion = 10.0.40219.1
Project("{FAE04EC0-301F-11D3-BF4B-00C04F79EFBC}") = "InterfacesDemo", "InterfacesDemo\InterfacesDemo.csproj", "{404713BF-3FCF-42FF-A6B7-449A90F0A997}"
EndProject
Global
	GlobalSection(SolutionConfigurationPlatforms) = preSolution
		Debug|Any CPU = Debug|Any CPU
		Release|Any CPU = Release|Any CPU
	EndGlobalSection
	GlobalSection(ProjectConfigurationPlatforms) = postSolution
		{404713BF-3FCF-42FF-A6B7-449A90F0A997}.Debug|Any CPU.ActiveCfg = Debug|Any CPU
		{404713BF-3FCF-42FF-A6B7-449A90F0A997}.Debug|Any CPU.Build.0 = Debug|Any CPU
		{404713BF-3FCF-42FF-A6B7-449A90F0A997}.Release|Any CPU.ActiveCfg = Release|Any CPU
		{404713BF-3FCF-42FF-A6B7-449A90F0A997}.Release|Any CPU.Build.0 = Release|Any CPU
	EndGlobalSection
	GlobalSection(SolutionProperties) = preSolution
		HideSolutionNode = FALSE
	EndGlobalSection
	GlobalSection(ExtensibilityGlobals) = postSolution
		SolutionGuid = {BCDE1B17-CCED-468F-A284-C2446847446B}
	EndGlobalSection
EndGlobal
